
Microsoft Visual Studio Solution File, Format Version 12.00
# Visual Studio Version 16
VisualStudioVersion = 16.0.28917.181
MinimumVisualStudioVersion = 10.0.40219.1
Project("{FAE04EC0-301F-11D3-BF4B-00C04F79EFBC}") = "S - Single Responsibility Principle", "S - Single Responsibility Principle\S - Single Responsibility Principle.csproj", "{87A4CE4A-A5D7-49C5-998A-AA6384F66D9F}"
EndProject
Project("{FAE04EC0-301F-11D3-BF4B-00C04F79EFBC}") = "O - Open Closed Principle", "O - Open Closed principle\O - Open Closed Principle.csproj", "{FED72AFD-8CB3-444E-98E9-A8F3EFBD379A}"
EndProject
Project("{FAE04EC0-301F-11D3-BF4B-00C04F79EFBC}") = "OCPLibrary", "OCPLibrary\OCPLibrary.csproj", "{0D273E61-3A9E-458B-8E2C-E53B542DFFC6}"
EndProject
Project("{2150E333-8FDC-42A3-9474-1A3956D46DE8}") = "O", "O", "{02C63E6B-900F-485E-BAD8-5082B88D16B1}"
EndProject
Project("{2150E333-8FDC-42A3-9474-1A3956D46DE8}") = "S", "S", "{E5C52612-B1EA-4F2E-89E0-D4EEC81BF4EA}"
EndProject
Project("{2150E333-8FDC-42A3-9474-1A3956D46DE8}") = "L", "L", "{3DC3B9ED-CB5E-4E80-A21B-9CF871CDDCB7}"
EndProject
Project("{2150E333-8FDC-42A3-9474-1A3956D46DE8}") = "I", "I", "{42BC529E-9C07-419E-8A2B-FC0B766A51D9}"
EndProject
Project("{2150E333-8FDC-42A3-9474-1A3956D46DE8}") = "D", "D", "{D148BF1E-BD65-4727-BFC1-BC9F66E4BF52}"
EndProject
Project("{FAE04EC0-301F-11D3-BF4B-00C04F79EFBC}") = "ISPLibrary", "DemoLibrary\ISPLibrary.csproj", "{6752006D-2326-4325-9008-1E380A6A8169}"
EndProject
Project("{FAE04EC0-301F-11D3-BF4B-00C04F79EFBC}") = "I -  Interface segregation principle", "ConsoleUI\I -  Interface segregation principle.csproj", "{23F93C3A-556B-4CF2-B231-3082C5A83397}"
EndProject
Project("{FAE04EC0-301F-11D3-BF4B-00C04F79EFBC}") = "DIPLibrary", "DILibrary\DIPLibrary.csproj", "{68074155-36CB-4F6B-A328-AA7B8BB1ED83}"
EndProject
Project("{FAE04EC0-301F-11D3-BF4B-00C04F79EFBC}") = "D - Dependency inversion principle", "ConsoleApp1\D - Dependency inversion principle.csproj", "{AD13DF42-DEF2-47A9-A60C-7DB12A0A5A50}"
EndProject
Global
	GlobalSection(SolutionConfigurationPlatforms) = preSolution
		Debug|Any CPU = Debug|Any CPU
		Release|Any CPU = Release|Any CPU
	EndGlobalSection
	GlobalSection(ProjectConfigurationPlatforms) = postSolution
		{87A4CE4A-A5D7-49C5-998A-AA6384F66D9F}.Debug|Any CPU.ActiveCfg = Debug|Any CPU
		{87A4CE4A-A5D7-49C5-998A-AA6384F66D9F}.Debug|Any CPU.Build.0 = Debug|Any CPU
		{87A4CE4A-A5D7-49C5-998A-AA6384F66D9F}.Release|Any CPU.ActiveCfg = Release|Any CPU
		{87A4CE4A-A5D7-49C5-998A-AA6384F66D9F}.Release|Any CPU.Build.0 = Release|Any CPU
		{FED72AFD-8CB3-444E-98E9-A8F3EFBD379A}.Debug|Any CPU.ActiveCfg = Debug|Any CPU
		{FED72AFD-8CB3-444E-98E9-A8F3EFBD379A}.Debug|Any CPU.Build.0 = Debug|Any CPU
		{FED72AFD-8CB3-444E-98E9-A8F3EFBD379A}.Release|Any CPU.ActiveCfg = Release|Any CPU
		{FED72AFD-8CB3-444E-98E9-A8F3EFBD379A}.Release|Any CPU.Build.0 = Release|Any CPU
		{0D273E61-3A9E-458B-8E2C-E53B542DFFC6}.Debug|Any CPU.ActiveCfg = Debug|Any CPU
		{0D273E61-3A9E-458B-8E2C-E53B542DFFC6}.Debug|Any CPU.Build.0 = Debug|Any CPU
		{0D273E61-3A9E-458B-8E2C-E53B542DFFC6}.Release|Any CPU.ActiveCfg = Release|Any CPU
		{0D273E61-3A9E-458B-8E2C-E53B542DFFC6}.Release|Any CPU.Build.0 = Release|Any CPU
		{6752006D-2326-4325-9008-1E380A6A8169}.Debug|Any CPU.ActiveCfg = Debug|Any CPU
		{6752006D-2326-4325-9008-1E380A6A8169}.Debug|Any CPU.Build.0 = Debug|Any CPU
		{6752006D-2326-4325-9008-1E380A6A8169}.Release|Any CPU.ActiveCfg = Release|Any CPU
		{6752006D-2326-4325-9008-1E380A6A8169}.Release|Any CPU.Build.0 = Release|Any CPU
		{23F93C3A-556B-4CF2-B231-3082C5A83397}.Debug|Any CPU.ActiveCfg = Debug|Any CPU
		{23F93C3A-556B-4CF2-B231-3082C5A83397}.Debug|Any CPU.Build.0 = Debug|Any CPU
		{23F93C3A-556B-4CF2-B231-3082C5A83397}.Release|Any CPU.ActiveCfg = Release|Any CPU
		{23F93C3A-556B-4CF2-B231-3082C5A83397}.Release|Any CPU.Build.0 = Release|Any CPU
		{68074155-36CB-4F6B-A328-AA7B8BB1ED83}.Debug|Any CPU.ActiveCfg = Debug|Any CPU
		{68074155-36CB-4F6B-A328-AA7B8BB1ED83}.Debug|Any CPU.Build.0 = Debug|Any CPU
		{68074155-36CB-4F6B-A328-AA7B8BB1ED83}.Release|Any CPU.ActiveCfg = Release|Any CPU
		{68074155-36CB-4F6B-A328-AA7B8BB1ED83}.Release|Any CPU.Build.0 = Release|Any CPU
		{AD13DF42-DEF2-47A9-A60C-7DB12A0A5A50}.Debug|Any CPU.ActiveCfg = Debug|Any CPU
		{AD13DF42-DEF2-47A9-A60C-7DB12A0A5A50}.Debug|Any CPU.Build.0 = Debug|Any CPU
		{AD13DF42-DEF2-47A9-A60C-7DB12A0A5A50}.Release|Any CPU.ActiveCfg = Release|Any CPU
		{AD13DF42-DEF2-47A9-A60C-7DB12A0A5A50}.Release|Any CPU.Build.0 = Release|Any CPU
	EndGlobalSection
	GlobalSection(SolutionProperties) = preSolution
		HideSolutionNode = FALSE
	EndGlobalSection
	GlobalSection(NestedProjects) = preSolution
		{87A4CE4A-A5D7-49C5-998A-AA6384F66D9F} = {E5C52612-B1EA-4F2E-89E0-D4EEC81BF4EA}
		{FED72AFD-8CB3-444E-98E9-A8F3EFBD379A} = {02C63E6B-900F-485E-BAD8-5082B88D16B1}
		{0D273E61-3A9E-458B-8E2C-E53B542DFFC6} = {02C63E6B-900F-485E-BAD8-5082B88D16B1}
		{6752006D-2326-4325-9008-1E380A6A8169} = {42BC529E-9C07-419E-8A2B-FC0B766A51D9}
		{23F93C3A-556B-4CF2-B231-3082C5A83397} = {42BC529E-9C07-419E-8A2B-FC0B766A51D9}
		{68074155-36CB-4F6B-A328-AA7B8BB1ED83} = {D148BF1E-BD65-4727-BFC1-BC9F66E4BF52}
		{AD13DF42-DEF2-47A9-A60C-7DB12A0A5A50} = {D148BF1E-BD65-4727-BFC1-BC9F66E4BF52}
	EndGlobalSection
	GlobalSection(ExtensibilityGlobals) = postSolution
		SolutionGuid = {249946CE-D347-41EC-A554-68E786BB7EE1}
	EndGlobalSection
EndGlobal
